
Microsoft Visual Studio Solution File, Format Version 12.00
# Visual Studio Version 16
VisualStudioVersion = 16.0.31005.135
MinimumVisualStudioVersion = 10.0.40219.1
Project("{FAE04EC0-301F-11D3-BF4B-00C04F79EFBC}") = "MoneyExample", "MoneyExample\MoneyExample.csproj", "{7851001C-3A19-4873-A2C9-C75F54123B1B}"
EndProject
Project("{FAE04EC0-301F-11D3-BF4B-00C04F79EFBC}") = "MoneyExample.Tests", "MoneyExample.Tests\MoneyExample.Tests.csproj", "{24A7A5AD-4532-4657-9600-165C0E042A79}"
EndProject
Global
	GlobalSection(SolutionConfigurationPlatforms) = preSolution
		Debug|Any CPU = Debug|Any CPU
		Release|Any CPU = Release|Any CPU
	EndGlobalSection
	GlobalSection(ProjectConfigurationPlatforms) = postSolution
		{7851001C-3A19-4873-A2C9-C75F54123B1B}.Debug|Any CPU.ActiveCfg = Debug|Any CPU
		{7851001C-3A19-4873-A2C9-C75F54123B1B}.Debug|Any CPU.Build.0 = Debug|Any CPU
		{7851001C-3A19-4873-A2C9-C75F54123B1B}.Release|Any CPU.ActiveCfg = Release|Any CPU
		{7851001C-3A19-4873-A2C9-C75F54123B1B}.Release|Any CPU.Build.0 = Release|Any CPU
		{24A7A5AD-4532-4657-9600-165C0E042A79}.Debug|Any CPU.ActiveCfg = Debug|Any CPU
		{24A7A5AD-4532-4657-9600-165C0E042A79}.Debug|Any CPU.Build.0 = Debug|Any CPU
		{24A7A5AD-4532-4657-9600-165C0E042A79}.Release|Any CPU.ActiveCfg = Release|Any CPU
		{24A7A5AD-4532-4657-9600-165C0E042A79}.Release|Any CPU.Build.0 = Release|Any CPU
	EndGlobalSection
	GlobalSection(SolutionProperties) = preSolution
		HideSolutionNode = FALSE
	EndGlobalSection
	GlobalSection(ExtensibilityGlobals) = postSolution
		SolutionGuid = {166707C5-403E-4363-B2E9-DFCAA75F550E}
	EndGlobalSection
EndGlobal
